// !$*UTF8*$!
{
	archiveVersion = 1;
	classes = {
	};
	objectVersion = 46;
	objects = {

/* Begin PBXBuildFile section */
		1ACBA4911C91025D0001C01C /* AppDelegate.swift in Sources */ = {isa = PBXBuildFile; fileRef = 1ACBA4901C91025D0001C01C /* AppDelegate.swift */; };
		1ACBA4931C91025D0001C01C /* ViewController.swift in Sources */ = {isa = PBXBuildFile; fileRef = 1ACBA4921C91025D0001C01C /* ViewController.swift */; };
		1ACBA4961C91025D0001C01C /* Main.storyboard in Resources */ = {isa = PBXBuildFile; fileRef = 1ACBA4941C91025D0001C01C /* Main.storyboard */; };
		1ACBA4981C91025E0001C01C /* Assets.xcassets in Resources */ = {isa = PBXBuildFile; fileRef = 1ACBA4971C91025E0001C01C /* Assets.xcassets */; };
		1ACBA4A01C9107A30001C01C /* MovieCell.swift in Sources */ = {isa = PBXBuildFile; fileRef = 1ACBA49F1C9107A30001C01C /* MovieCell.swift */; };
		1ACBA4A21C9109BC0001C01C /* MovieData.swift in Sources */ = {isa = PBXBuildFile; fileRef = 1ACBA4A11C9109BC0001C01C /* MovieData.swift */; };
		1ACBA4A51C910B1C0001C01C /* Constants.swift in Sources */ = {isa = PBXBuildFile; fileRef = 1ACBA4A41C910B1C0001C01C /* Constants.swift */; };
		CA3C499A9880B05D96A3D863 /* Pods_Popular_Movies.framework in Frameworks */ = {isa = PBXBuildFile; fileRef = FCBC3A6FBFC5D4DBA07B14AE /* Pods_Popular_Movies.framework */; };
/* End PBXBuildFile section */

/* Begin PBXFileReference section */
		1ACBA48D1C91025D0001C01C /* Popular_Movies.app */ = {isa = PBXFileReference; explicitFileType = wrapper.application; includeInIndex = 0; path = Popular_Movies.app; sourceTree = BUILT_PRODUCTS_DIR; };
		1ACBA4901C91025D0001C01C /* AppDelegate.swift */ = {isa = PBXFileReference; lastKnownFileType = sourcecode.swift; path = AppDelegate.swift; sourceTree = "<group>"; };
		1ACBA4921C91025D0001C01C /* ViewController.swift */ = {isa = PBXFileReference; lastKnownFileType = sourcecode.swift; path = ViewController.swift; sourceTree = "<group>"; };
		1ACBA4951C91025D0001C01C /* Base */ = {isa = PBXFileReference; lastKnownFileType = file.storyboard; name = Base; path = Base.lproj/Main.storyboard; sourceTree = "<group>"; };
		1ACBA4971C91025E0001C01C /* Assets.xcassets */ = {isa = PBXFileReference; lastKnownFileType = folder.assetcatalog; path = Assets.xcassets; sourceTree = "<group>"; };
		1ACBA4991C91025E0001C01C /* Info.plist */ = {isa = PBXFileReference; lastKnownFileType = text.plist.xml; path = Info.plist; sourceTree = "<group>"; };
		1ACBA49F1C9107A30001C01C /* MovieCell.swift */ = {isa = PBXFileReference; fileEncoding = 4; lastKnownFileType = sourcecode.swift; path = MovieCell.swift; sourceTree = "<group>"; };
		1ACBA4A11C9109BC0001C01C /* MovieData.swift */ = {isa = PBXFileReference; fileEncoding = 4; lastKnownFileType = sourcecode.swift; path = MovieData.swift; sourceTree = "<group>"; };
		1ACBA4A41C910B1C0001C01C /* Constants.swift */ = {isa = PBXFileReference; fileEncoding = 4; lastKnownFileType = sourcecode.swift; path = Constants.swift; sourceTree = "<group>"; };
		FCBC3A6FBFC5D4DBA07B14AE /* Pods_Popular_Movies.framework */ = {isa = PBXFileReference; explicitFileType = wrapper.framework; includeInIndex = 0; path = Pods_Popular_Movies.framework; sourceTree = BUILT_PRODUCTS_DIR; };
/* End PBXFileReference section */

/* Begin PBXFrameworksBuildPhase section */
		1ACBA48A1C91025D0001C01C /* Frameworks */ = {
			isa = PBXFrameworksBuildPhase;
			buildActionMask = 2147483647;
			files = (
				CA3C499A9880B05D96A3D863 /* Pods_Popular_Movies.framework in Frameworks */,
			);
			runOnlyForDeploymentPostprocessing = 0;
		};
/* End PBXFrameworksBuildPhase section */

/* Begin PBXGroup section */
		1ACBA4841C91025D0001C01C = {
			isa = PBXGroup;
			children = (
				1ACBA48F1C91025D0001C01C /* Popular_Movies */,
				1ACBA48E1C91025D0001C01C /* Products */,
				EABA95D8ABCE4C35AA3B0D83 /* Frameworks */,
			);
			sourceTree = "<group>";
		};
		1ACBA48E1C91025D0001C01C /* Products */ = {
			isa = PBXGroup;
			children = (
				1ACBA48D1C91025D0001C01C /* Popular_Movies.app */,
			);
			name = Products;
			sourceTree = "<group>";
		};
		1ACBA48F1C91025D0001C01C /* Popular_Movies */ = {
			isa = PBXGroup;
			children = (
				1ACBA4A31C910AF50001C01C /* Model */,
				1ACBA4901C91025D0001C01C /* AppDelegate.swift */,
				1ACBA49F1C9107A30001C01C /* MovieCell.swift */,
				1ACBA4921C91025D0001C01C /* ViewController.swift */,
				1ACBA4941C91025D0001C01C /* Main.storyboard */,
				1ACBA4971C91025E0001C01C /* Assets.xcassets */,
				1ACBA4991C91025E0001C01C /* Info.plist */,
				1ACBA4A41C910B1C0001C01C /* Constants.swift */,
			);
			path = Popular_Movies;
			sourceTree = "<group>";
		};
		1ACBA4A31C910AF50001C01C /* Model */ = {
			isa = PBXGroup;
			children = (
				1ACBA4A11C9109BC0001C01C /* MovieData.swift */,
			);
			name = Model;
			sourceTree = "<group>";
		};
		EABA95D8ABCE4C35AA3B0D83 /* Frameworks */ = {
			isa = PBXGroup;
			children = (
				FCBC3A6FBFC5D4DBA07B14AE /* Pods_Popular_Movies.framework */,
			);
			name = Frameworks;
			sourceTree = "<group>";
		};
/* End PBXGroup section */

/* Begin PBXNativeTarget section */
		1ACBA48C1C91025D0001C01C /* Popular_Movies */ = {
			isa = PBXNativeTarget;
			buildConfigurationList = 1ACBA49C1C91025E0001C01C /* Build configuration list for PBXNativeTarget "Popular_Movies" */;
			buildPhases = (
				8B4D7EE24612A7030C2511FD /* Check Pods Manifest.lock */,
				1ACBA4891C91025D0001C01C /* Sources */,
				1ACBA48A1C91025D0001C01C /* Frameworks */,
				1ACBA48B1C91025D0001C01C /* Resources */,
			);
			buildRules = (
			);
			dependencies = (
			);
			name = Popular_Movies;
			productName = Popular_Movies;
			productReference = 1ACBA48D1C91025D0001C01C /* Popular_Movies.app */;
			productType = "com.apple.product-type.application";
		};
/* End PBXNativeTarget section */

/* Begin PBXProject section */
		1ACBA4851C91025D0001C01C /* Project object */ = {
			isa = PBXProject;
			attributes = {
				LastSwiftUpdateCheck = 0720;
				LastUpgradeCheck = 0720;
				ORGANIZATIONNAME = EverydayDigitals;
				TargetAttributes = {
					1ACBA48C1C91025D0001C01C = {
						CreatedOnToolsVersion = 7.2;
					};
				};
			};
			buildConfigurationList = 1ACBA4881C91025D0001C01C /* Build configuration list for PBXProject "Popular_Movies" */;
			compatibilityVersion = "Xcode 3.2";
			developmentRegion = English;
			hasScannedForEncodings = 0;
			knownRegions = (
				en,
				Base,
			);
			mainGroup = 1ACBA4841C91025D0001C01C;
			productRefGroup = 1ACBA48E1C91025D0001C01C /* Products */;
			projectDirPath = "";
			projectRoot = "";
			targets = (
				1ACBA48C1C91025D0001C01C /* Popular_Movies */,
			);
		};
/* End PBXProject section */

/* Begin PBXResourcesBuildPhase section */
		1ACBA48B1C91025D0001C01C /* Resources */ = {
			isa = PBXResourcesBuildPhase;
			buildActionMask = 2147483647;
			files = (
				1ACBA4981C91025E0001C01C /* Assets.xcassets in Resources */,
				1ACBA4961C91025D0001C01C /* Main.storyboard in Resources */,
			);
			runOnlyForDeploymentPostprocessing = 0;
		};
/* End PBXResourcesBuildPhase section */

/* Begin PBXShellScriptBuildPhase section */
		8B4D7EE24612A7030C2511FD /* Check Pods Manifest.lock */ = {
			isa = PBXShellScriptBuildPhase;
			buildActionMask = 2147483647;
			files = (
			);
			inputPaths = (
			);
			name = "Check Pods Manifest.lock";
			outputPaths = (
			);
			runOnlyForDeploymentPostprocessing = 0;
			shellPath = /bin/sh;
			shellScript = "diff \"${PODS_ROOT}/../Podfile.lock\" \"${PODS_ROOT}/Manifest.lock\" > /dev/null\nif [[ $? != 0 ]] ; then\n    cat << EOM\nerror: The sandbox is not in sync with the Podfile.lock. Run 'pod install' or update your CocoaPods installation.\nEOM\n    exit 1\nfi\n";
			showEnvVarsInLog = 0;
		};
/* End PBXShellScriptBuildPhase section */

/* Begin PBXSourcesBuildPhase section */
		1ACBA4891C91025D0001C01C /* Sources */ = {
			isa = PBXSourcesBuildPhase;
			buildActionMask = 2147483647;
			files = (
				1ACBA4A51C910B1C0001C01C /* Constants.swift in Sources */,
				1ACBA4A21C9109BC0001C01C /* MovieData.swift in Sources */,
				1ACBA4931C91025D0001C01C /* ViewController.swift in Sources */,
				1ACBA4911C91025D0001C01C /* AppDelegate.swift in Sources */,
				1ACBA4A01C9107A30001C01C /* MovieCell.swift in Sources */,
			);
			runOnlyForDeploymentPostprocessing = 0;
		};
/* End PBXSourcesBuildPhase section */

/* Begin PBXVariantGroup section */
		1ACBA4941C91025D0001C01C /* Main.storyboard */ = {
			isa = PBXVariantGroup;
			children = (
				1ACBA4951C91025D0001C01C /* Base */,
			);
			name = Main.storyboard;
			sourceTree = "<group>";
		};
/* End PBXVariantGroup section */

/* Begin XCBuildConfiguration section */
		1ACBA49A1C91025E0001C01C /* Debug */ = {
			isa = XCBuildConfiguration;
			buildSettings = {
				ALWAYS_SEARCH_USER_PATHS = NO;
				CLANG_CXX_LANGUAGE_STANDARD = "gnu++0x";
				CLANG_CXX_LIBRARY = "libc++";
				CLANG_ENABLE_MODULES = YES;
				CLANG_ENABLE_OBJC_ARC = YES;
				CLANG_WARN_BOOL_CONVERSION = YES;
				CLANG_WARN_CONSTANT_CONVERSION = YES;
				CLANG_WARN_DIRECT_OBJC_ISA_USAGE = YES_ERROR;
				CLANG_WARN_EMPTY_BODY = YES;
				CLANG_WARN_ENUM_CONVERSION = YES;
				CLANG_WARN_INT_CONVERSION = YES;
				CLANG_WARN_OBJC_ROOT_CLASS = YES_ERROR;
				CLANG_WARN_UNREACHABLE_CODE = YES;
				CLANG_WARN__DUPLICATE_METHOD_MATCH = YES;
				COPY_PHASE_STRIP = NO;
				DEBUG_INFORMATION_FORMAT = dwarf;
				ENABLE_STRICT_OBJC_MSGSEND = YES;
				ENABLE_TESTABILITY = YES;
				GCC_C_LANGUAGE_STANDARD = gnu99;
				GCC_DYNAMIC_NO_PIC = NO;
				GCC_NO_COMMON_BLOCKS = YES;
				GCC_OPTIMIZATION_LEVEL = 0;
				GCC_PREPROCESSOR_DEFINITIONS = (
					"DEBUG=1",
					"$(inherited)",
				);
				GCC_WARN_64_TO_32_BIT_CONVERSION = YES;
				GCC_WARN_ABOUT_RETURN_TYPE = YES_ERROR;
				GCC_WARN_UNDECLARED_SELECTOR = YES;
				GCC_WARN_UNINITIALIZED_AUTOS = YES_AGGRESSIVE;
				GCC_WARN_UNUSED_FUNCTION = YES;
				GCC_WARN_UNUSED_VARIABLE = YES;
				MTL_ENABLE_DEBUG_INFO = YES;
				ONLY_ACTIVE_ARCH = YES;
				SDKROOT = appletvos;
				SWIFT_OPTIMIZATION_LEVEL = "-Onone";
				TARGETED_DEVICE_FAMILY = 3;
				TVOS_DEPLOYMENT_TARGET = 9.1;
			};
			name = Debug;
		};
		1ACBA49B1C91025E0001C01C /* Release */ = {
			isa = XCBuildConfiguration;
			buildSettings = {
				ALWAYS_SEARCH_USER_PATHS = NO;
				CLANG_CXX_LANGUAGE_STANDARD = "gnu++0x";
				CLANG_CXX_LIBRARY = "libc++";
				CLANG_ENABLE_MODULES = YES;
				CLANG_ENABLE_OBJC_ARC = YES;
				CLANG_WARN_BOOL_CONVERSION = YES;
				CLANG_WARN_CONSTANT_CONVERSION = YES;
				CLANG_WARN_DIRECT_OBJC_ISA_USAGE = YES_ERROR;
				CLANG_WARN_EMPTY_BODY = YES;
				CLANG_WARN_ENUM_CONVERSION = YES;
				CLANG_WARN_INT_CONVERSION = YES;
				CLANG_WARN_OBJC_ROOT_CLASS = YES_ERROR;
				CLANG_WARN_UNREACHABLE_CODE = YES;
				CLANG_WARN__DUPLICATE_METHOD_MATCH = YES;
				COPY_PHASE_STRIP = NO;
				DEBUG_INFORMATION_FORMAT = "dwarf-with-dsym";
				ENABLE_NS_ASSERTIONS = NO;
				ENABLE_STRICT_OBJC_MSGSEND = YES;
				GCC_C_LANGUAGE_STANDARD = gnu99;
				GCC_NO_COMMON_BLOCKS = YES;
				GCC_WARN_64_TO_32_BIT_CONVERSION = YES;
				GCC_WARN_ABOUT_RETURN_TYPE = YES_ERROR;
				GCC_WARN_UNDECLARED_SELECTOR = YES;
				GCC_WARN_UNINITIALIZED_AUTOS = YES_AGGRESSIVE;
				GCC_WARN_UNUSED_FUNCTION = YES;
				GCC_WARN_UNUSED_VARIABLE = YES;
				MTL_ENABLE_DEBUG_INFO = NO;
				SDKROOT = appletvos;
				TARGETED_DEVICE_FAMILY = 3;
				TVOS_DEPLOYMENT_TARGET = 9.1;
				VALIDATE_PRODUCT = YES;
			};
			name = Release;
		};
		1ACBA49D1C91025E0001C01C /* Debug */ = {
			isa = XCBuildConfiguration;
			buildSettings = {
				ASSETCATALOG_COMPILER_APPICON_NAME = "App Icon & Top Shelf Image";
				ASSETCATALOG_COMPILER_LAUNCHIMAGE_NAME = LaunchImage;
				INFOPLIST_FILE = Popular_Movies/Info.plist;
				LD_RUNPATH_SEARCH_PATHS = "$(inherited) @executable_path/Frameworks";
				PRODUCT_BUNDLE_IDENTIFIER = "com.everydaydigitals.Popular-Movies";
				PRODUCT_NAME = "$(TARGET_NAME)";
			};
			name = Debug;
		};
		1ACBA49E1C91025E0001C01C /* Release */ = {
			isa = XCBuildConfiguration;
			buildSettings = {
				ASSETCATALOG_COMPILER_APPICON_NAME = "App Icon & Top Shelf Image";
				ASSETCATALOG_COMPILER_LAUNCHIMAGE_NAME = LaunchImage;
				INFOPLIST_FILE = Popular_Movies/Info.plist;
				LD_RUNPATH_SEARCH_PATHS = "$(inherited) @executable_path/Frameworks";
				PRODUCT_BUNDLE_IDENTIFIER = "com.everydaydigitals.Popular-Movies";
				PRODUCT_NAME = "$(TARGET_NAME)";
			};
			name = Release;
		};
/* End XCBuildConfiguration section */

/* Begin XCConfigurationList section */
		1ACBA4881C91025D0001C01C /* Build configuration list for PBXProject "Popular_Movies" */ = {
			isa = XCConfigurationList;
			buildConfigurations = (
				1ACBA49A1C91025E0001C01C /* Debug */,
				1ACBA49B1C91025E0001C01C /* Release */,
			);
			defaultConfigurationIsVisible = 0;
			defaultConfigurationName = Release;
		};
		1ACBA49C1C91025E0001C01C /* Build configuration list for PBXNativeTarget "Popular_Movies" */ = {
			isa = XCConfigurationList;
			buildConfigurations = (
				1ACBA49D1C91025E0001C01C /* Debug */,
				1ACBA49E1C91025E0001C01C /* Release */,
			);
			defaultConfigurationIsVisible = 0;
			defaultConfigurationName = Release;
		};
/* End XCConfigurationList section */
	};
	rootObject = 1ACBA4851C91025D0001C01C /* Project object */;
}
